
Microsoft Visual Studio Solution File, Format Version 12.00
# Visual Studio Version 16
VisualStudioVersion = 16.0.31410.357
MinimumVisualStudioVersion = 10.0.40219.1
Project("{2150E333-8FDC-42A3-9474-1A3956D46DE8}") = "src", "src", "{E791CB58-E867-4338-BDC9-E4F7806647EF}"
EndProject
Project("{2150E333-8FDC-42A3-9474-1A3956D46DE8}") = "tests", "tests", "{F2515027-62A4-4853-A4BC-D14B9860F718}"
EndProject
Project("{9A19103F-16F7-4668-BE54-9A1E7A4F7556}") = "CoronavirusWebScraper.Web", "src\CoronavirusWebScraper.Web\CoronavirusWebScraper.Web.csproj", "{4659FC6F-121C-4514-9479-25EC88FA9115}"
EndProject
Project("{9A19103F-16F7-4668-BE54-9A1E7A4F7556}") = "CoronavirusWebScraper.Data", "src\CoronavirusWebScraper.Data\CoronavirusWebScraper.Data.csproj", "{3450B879-D156-480A-8052-A5139489C3AB}"
EndProject
Project("{9A19103F-16F7-4668-BE54-9A1E7A4F7556}") = "CoronavirusWebScraper.Services", "src\CoronavirusWebScraper.Services\CoronavirusWebScraper.Services.csproj", "{7970FB6B-EC9F-4FB8-85A7-E1A1912EC45C}"
EndProject
Project("{9A19103F-16F7-4668-BE54-9A1E7A4F7556}") = "dataScraperExample", "src\dataScraperExample\dataScraperExample.csproj", "{9372E3BA-A912-4E46-8E46-7F15C4052007}"
EndProject
Project("{9A19103F-16F7-4668-BE54-9A1E7A4F7556}") = "TestWorker", "src\TestWorker\TestWorker.csproj", "{5D863F85-CA45-4AB5-95ED-ADDE6CCDA647}"
EndProject
Project("{9A19103F-16F7-4668-BE54-9A1E7A4F7556}") = "CoronavirusWebScraper.Services.Impl", "src\CoronavirusWebScraper.Services.Impl\CoronavirusWebScraper.Services.Impl.csproj", "{342E4F6B-EA8B-449A-804F-1061DDF7E7C8}"
EndProject
Global
	GlobalSection(SolutionConfigurationPlatforms) = preSolution
		Debug|Any CPU = Debug|Any CPU
		Release|Any CPU = Release|Any CPU
	EndGlobalSection
	GlobalSection(ProjectConfigurationPlatforms) = postSolution
		{4659FC6F-121C-4514-9479-25EC88FA9115}.Debug|Any CPU.ActiveCfg = Debug|Any CPU
		{4659FC6F-121C-4514-9479-25EC88FA9115}.Debug|Any CPU.Build.0 = Debug|Any CPU
		{4659FC6F-121C-4514-9479-25EC88FA9115}.Release|Any CPU.ActiveCfg = Release|Any CPU
		{4659FC6F-121C-4514-9479-25EC88FA9115}.Release|Any CPU.Build.0 = Release|Any CPU
		{3450B879-D156-480A-8052-A5139489C3AB}.Debug|Any CPU.ActiveCfg = Debug|Any CPU
		{3450B879-D156-480A-8052-A5139489C3AB}.Debug|Any CPU.Build.0 = Debug|Any CPU
		{3450B879-D156-480A-8052-A5139489C3AB}.Release|Any CPU.ActiveCfg = Release|Any CPU
		{3450B879-D156-480A-8052-A5139489C3AB}.Release|Any CPU.Build.0 = Release|Any CPU
		{7970FB6B-EC9F-4FB8-85A7-E1A1912EC45C}.Debug|Any CPU.ActiveCfg = Debug|Any CPU
		{7970FB6B-EC9F-4FB8-85A7-E1A1912EC45C}.Debug|Any CPU.Build.0 = Debug|Any CPU
		{7970FB6B-EC9F-4FB8-85A7-E1A1912EC45C}.Release|Any CPU.ActiveCfg = Release|Any CPU
		{7970FB6B-EC9F-4FB8-85A7-E1A1912EC45C}.Release|Any CPU.Build.0 = Release|Any CPU
		{9372E3BA-A912-4E46-8E46-7F15C4052007}.Debug|Any CPU.ActiveCfg = Debug|Any CPU
		{9372E3BA-A912-4E46-8E46-7F15C4052007}.Debug|Any CPU.Build.0 = Debug|Any CPU
		{9372E3BA-A912-4E46-8E46-7F15C4052007}.Release|Any CPU.ActiveCfg = Release|Any CPU
		{9372E3BA-A912-4E46-8E46-7F15C4052007}.Release|Any CPU.Build.0 = Release|Any CPU
		{5D863F85-CA45-4AB5-95ED-ADDE6CCDA647}.Debug|Any CPU.ActiveCfg = Debug|Any CPU
		{5D863F85-CA45-4AB5-95ED-ADDE6CCDA647}.Debug|Any CPU.Build.0 = Debug|Any CPU
		{5D863F85-CA45-4AB5-95ED-ADDE6CCDA647}.Release|Any CPU.ActiveCfg = Release|Any CPU
		{5D863F85-CA45-4AB5-95ED-ADDE6CCDA647}.Release|Any CPU.Build.0 = Release|Any CPU
		{342E4F6B-EA8B-449A-804F-1061DDF7E7C8}.Debug|Any CPU.ActiveCfg = Debug|Any CPU
		{342E4F6B-EA8B-449A-804F-1061DDF7E7C8}.Debug|Any CPU.Build.0 = Debug|Any CPU
		{342E4F6B-EA8B-449A-804F-1061DDF7E7C8}.Release|Any CPU.ActiveCfg = Release|Any CPU
		{342E4F6B-EA8B-449A-804F-1061DDF7E7C8}.Release|Any CPU.Build.0 = Release|Any CPU
	EndGlobalSection
	GlobalSection(SolutionProperties) = preSolution
		HideSolutionNode = FALSE
	EndGlobalSection
	GlobalSection(NestedProjects) = preSolution
		{4659FC6F-121C-4514-9479-25EC88FA9115} = {E791CB58-E867-4338-BDC9-E4F7806647EF}
		{3450B879-D156-480A-8052-A5139489C3AB} = {E791CB58-E867-4338-BDC9-E4F7806647EF}
		{7970FB6B-EC9F-4FB8-85A7-E1A1912EC45C} = {E791CB58-E867-4338-BDC9-E4F7806647EF}
		{9372E3BA-A912-4E46-8E46-7F15C4052007} = {E791CB58-E867-4338-BDC9-E4F7806647EF}
		{5D863F85-CA45-4AB5-95ED-ADDE6CCDA647} = {E791CB58-E867-4338-BDC9-E4F7806647EF}
		{342E4F6B-EA8B-449A-804F-1061DDF7E7C8} = {E791CB58-E867-4338-BDC9-E4F7806647EF}
	EndGlobalSection
	GlobalSection(ExtensibilityGlobals) = postSolution
		SolutionGuid = {F5BDAE43-19D9-4D54-9378-62B1D5BDDCCB}
	EndGlobalSection
EndGlobal
