
Microsoft Visual Studio Solution File, Format Version 12.00
# Visual Studio Version 16
VisualStudioVersion = 16.0.31410.357
MinimumVisualStudioVersion = 10.0.40219.1
Project("{2150E333-8FDC-42A3-9474-1A3956D46DE8}") = "Web", "Web", "{A5BEE6DD-C17F-4EFB-B9D8-B1F3CE7CEC57}"
EndProject
Project("{2150E333-8FDC-42A3-9474-1A3956D46DE8}") = "Services", "Services", "{C48D40ED-285D-4941-B412-45EB76D73682}"
EndProject
Project("{9A19103F-16F7-4668-BE54-9A1E7A4F7556}") = "CoronavirusWebScraper.Web", "Web\CoronavirusWebScraper.Web\CoronavirusWebScraper.Web.csproj", "{808157EA-5E21-415B-A5EB-043CCE8B07DA}"
EndProject
Project("{9A19103F-16F7-4668-BE54-9A1E7A4F7556}") = "CoronavirusWebScraper.Services", "Services\CoronavirusWebScraper.Services\CoronavirusWebScraper.Services.csproj", "{167F315F-3CFF-486B-BEA9-7BF80754A552}"
EndProject
Project("{FAE04EC0-301F-11D3-BF4B-00C04F79EFBC}") = "CoronavirusWebScraper.Web.ViewModels", "Web\CoronavirusWebScraper.Web.ViewModels\CoronavirusWebScraper.Web.ViewModels.csproj", "{5E7BBFB6-F074-4B5C-95AA-047AEC641883}"
EndProject
Global
	GlobalSection(SolutionConfigurationPlatforms) = preSolution
		Debug|Any CPU = Debug|Any CPU
		Release|Any CPU = Release|Any CPU
	EndGlobalSection
	GlobalSection(ProjectConfigurationPlatforms) = postSolution
		{808157EA-5E21-415B-A5EB-043CCE8B07DA}.Debug|Any CPU.ActiveCfg = Debug|Any CPU
		{808157EA-5E21-415B-A5EB-043CCE8B07DA}.Debug|Any CPU.Build.0 = Debug|Any CPU
		{808157EA-5E21-415B-A5EB-043CCE8B07DA}.Release|Any CPU.ActiveCfg = Release|Any CPU
		{808157EA-5E21-415B-A5EB-043CCE8B07DA}.Release|Any CPU.Build.0 = Release|Any CPU
		{167F315F-3CFF-486B-BEA9-7BF80754A552}.Debug|Any CPU.ActiveCfg = Debug|Any CPU
		{167F315F-3CFF-486B-BEA9-7BF80754A552}.Debug|Any CPU.Build.0 = Debug|Any CPU
		{167F315F-3CFF-486B-BEA9-7BF80754A552}.Release|Any CPU.ActiveCfg = Release|Any CPU
		{167F315F-3CFF-486B-BEA9-7BF80754A552}.Release|Any CPU.Build.0 = Release|Any CPU
		{5E7BBFB6-F074-4B5C-95AA-047AEC641883}.Debug|Any CPU.ActiveCfg = Debug|Any CPU
		{5E7BBFB6-F074-4B5C-95AA-047AEC641883}.Debug|Any CPU.Build.0 = Debug|Any CPU
		{5E7BBFB6-F074-4B5C-95AA-047AEC641883}.Release|Any CPU.ActiveCfg = Release|Any CPU
		{5E7BBFB6-F074-4B5C-95AA-047AEC641883}.Release|Any CPU.Build.0 = Release|Any CPU
	EndGlobalSection
	GlobalSection(SolutionProperties) = preSolution
		HideSolutionNode = FALSE
	EndGlobalSection
	GlobalSection(NestedProjects) = preSolution
		{808157EA-5E21-415B-A5EB-043CCE8B07DA} = {A5BEE6DD-C17F-4EFB-B9D8-B1F3CE7CEC57}
		{167F315F-3CFF-486B-BEA9-7BF80754A552} = {C48D40ED-285D-4941-B412-45EB76D73682}
		{5E7BBFB6-F074-4B5C-95AA-047AEC641883} = {A5BEE6DD-C17F-4EFB-B9D8-B1F3CE7CEC57}
	EndGlobalSection
	GlobalSection(ExtensibilityGlobals) = postSolution
		SolutionGuid = {DD1462F3-8DE9-4596-8FBA-6F88AE7AD068}
	EndGlobalSection
EndGlobal
